// !$*UTF8*$!
{
	archiveVersion = 1;
	classes = {
	};
	objectVersion = 77;
	objects = {

/* Begin PBXBuildFile section */
		8B0E000E2C9A000100000001 /* AppDelegate.swift in Sources */ = {isa = PBXBuildFile; fileRef = 8B0E000D2C9A000100000001 /* AppDelegate.swift */; };
		8B0E00332C9A000100000001 /* main.swift in Sources */ = {isa = PBXBuildFile; fileRef = 8B0E00322C9A000100000001 /* main.swift */; };
		8B0E00102C9A000100000001 /* MenuBarView.swift in Sources */ = {isa = PBXBuildFile; fileRef = 8B0E000F2C9A000100000001 /* MenuBarView.swift */; };
		8B0E00122C9A000100000001 /* RainController.swift in Sources */ = {isa = PBXBuildFile; fileRef = 8B0E00112C9A000100000001 /* RainController.swift */; };
		8B0E00142C9A000100000001 /* RainSettings.swift in Sources */ = {isa = PBXBuildFile; fileRef = 8B0E00132C9A000100000001 /* RainSettings.swift */; };
		8B0E00162C9A000100000001 /* ActiveWindowTracker.swift in Sources */ = {isa = PBXBuildFile; fileRef = 8B0E00152C9A000100000001 /* ActiveWindowTracker.swift */; };
		8B0E00182C9A000100000001 /* RainOverlayWindow.swift in Sources */ = {isa = PBXBuildFile; fileRef = 8B0E00172C9A000100000001 /* RainOverlayWindow.swift */; };
		8B0E001A2C9A000100000001 /* RainEmitterView.swift in Sources */ = {isa = PBXBuildFile; fileRef = 8B0E00192C9A000100000001 /* RainEmitterView.swift */; };
		8B0E00282C9A000100000001 /* RainBarTests.swift in Sources */ = {isa = PBXBuildFile; fileRef = 8B0E00272C9A000100000001 /* RainBarTests.swift */; };
/* End PBXBuildFile section */

/* Begin PBXContainerItemProxy section */
		8B0E00232C9A000100000001 /* PBXContainerItemProxy */ = {
			isa = PBXContainerItemProxy;
			containerPortal = 8B0E00012C9A000100000001 /* Project object */;
			proxyType = 1;
			remoteGlobalIDString = 8B0E00082C9A000100000001;
			remoteInfo = RainBar;
		};
/* End PBXContainerItemProxy section */

/* Begin PBXFileReference section */
		8B0E00092C9A000100000001 /* RainBar.app */ = {isa = PBXFileReference; explicitFileType = wrapper.application; includeInIndex = 0; path = RainBar.app; sourceTree = BUILT_PRODUCTS_DIR; };
		8B0E000D2C9A000100000001 /* AppDelegate.swift */ = {isa = PBXFileReference; lastKnownFileType = sourcecode.swift; path = AppDelegate.swift; sourceTree = "<group>"; };
		8B0E00322C9A000100000001 /* main.swift */ = {isa = PBXFileReference; lastKnownFileType = sourcecode.swift; path = main.swift; sourceTree = "<group>"; };
		8B0E000F2C9A000100000001 /* MenuBarView.swift */ = {isa = PBXFileReference; lastKnownFileType = sourcecode.swift; path = MenuBarView.swift; sourceTree = "<group>"; };
		8B0E00112C9A000100000001 /* RainController.swift */ = {isa = PBXFileReference; lastKnownFileType = sourcecode.swift; path = RainController.swift; sourceTree = "<group>"; };
		8B0E00132C9A000100000001 /* RainSettings.swift */ = {isa = PBXFileReference; lastKnownFileType = sourcecode.swift; path = RainSettings.swift; sourceTree = "<group>"; };
		8B0E00152C9A000100000001 /* ActiveWindowTracker.swift */ = {isa = PBXFileReference; lastKnownFileType = sourcecode.swift; path = ActiveWindowTracker.swift; sourceTree = "<group>"; };
		8B0E00172C9A000100000001 /* RainOverlayWindow.swift */ = {isa = PBXFileReference; lastKnownFileType = sourcecode.swift; path = RainOverlayWindow.swift; sourceTree = "<group>"; };
		8B0E00192C9A000100000001 /* RainEmitterView.swift */ = {isa = PBXFileReference; lastKnownFileType = sourcecode.swift; path = RainEmitterView.swift; sourceTree = "<group>"; };
		8B0E001B2C9A000100000001 /* Info.plist */ = {isa = PBXFileReference; lastKnownFileType = text.plist.xml; path = Info.plist; sourceTree = "<group>"; };
		8B0E00222C9A000100000001 /* RainBarTests.xctest */ = {isa = PBXFileReference; explicitFileType = wrapper.cfbundle; includeInIndex = 0; path = RainBarTests.xctest; sourceTree = BUILT_PRODUCTS_DIR; };
		8B0E00272C9A000100000001 /* RainBarTests.swift */ = {isa = PBXFileReference; lastKnownFileType = sourcecode.swift; path = RainBarTests.swift; sourceTree = "<group>"; };
/* End PBXFileReference section */

/* Begin PBXFileSystemSynchronizedRootGroup section */
/* End PBXFileSystemSynchronizedRootGroup section */

/* Begin PBXFrameworksBuildPhase section */
		8B0E00062C9A000100000001 /* Frameworks */ = {
			isa = PBXFrameworksBuildPhase;
			buildActionMask = 2147483647;
			files = (
			);
			runOnlyForDeploymentPostprocessing = 0;
		};
		8B0E001F2C9A000100000001 /* Frameworks */ = {
			isa = PBXFrameworksBuildPhase;
			buildActionMask = 2147483647;
			files = (
			);
			runOnlyForDeploymentPostprocessing = 0;
		};
/* End PBXFrameworksBuildPhase section */

/* Begin PBXGroup section */
		8B0E00002C9A000100000001 = {
			isa = PBXGroup;
			children = (
				8B0E000C2C9A000100000001 /* RainBar */,
				8B0E00262C9A000100000001 /* RainBarTests */,
				8B0E000A2C9A000100000001 /* Products */,
			);
			sourceTree = "<group>";
		};
		8B0E000A2C9A000100000001 /* Products */ = {
			isa = PBXGroup;
			children = (
				8B0E00092C9A000100000001 /* RainBar.app */,
				8B0E00222C9A000100000001 /* RainBarTests.xctest */,
			);
			name = Products;
			sourceTree = "<group>";
		};
		8B0E000C2C9A000100000001 /* RainBar */ = {
			isa = PBXGroup;
			children = (
				8B0E00322C9A000100000001 /* main.swift */,
				8B0E000D2C9A000100000001 /* AppDelegate.swift */,
				8B0E000F2C9A000100000001 /* MenuBarView.swift */,
				8B0E00112C9A000100000001 /* RainController.swift */,
				8B0E00132C9A000100000001 /* RainSettings.swift */,
				8B0E00152C9A000100000001 /* ActiveWindowTracker.swift */,
				8B0E00172C9A000100000001 /* RainOverlayWindow.swift */,
				8B0E00192C9A000100000001 /* RainEmitterView.swift */,
				8B0E001B2C9A000100000001 /* Info.plist */,
			);
			path = RainBar;
			sourceTree = "<group>";
		};
		8B0E00262C9A000100000001 /* RainBarTests */ = {
			isa = PBXGroup;
			children = (
				8B0E00272C9A000100000001 /* RainBarTests.swift */,
			);
			path = RainBarTests;
			sourceTree = "<group>";
		};
/* End PBXGroup section */

/* Begin PBXNativeTarget section */
		8B0E00082C9A000100000001 /* RainBar */ = {
			isa = PBXNativeTarget;
			buildConfigurationList = 8B0E002A2C9A000100000001 /* Build configuration list for PBXNativeTarget "RainBar" */;
			buildPhases = (
				8B0E00052C9A000100000001 /* Sources */,
				8B0E00062C9A000100000001 /* Frameworks */,
				8B0E00072C9A000100000001 /* Resources */,
			);
			buildRules = (
			);
			dependencies = (
			);
			name = RainBar;
			productName = RainBar;
			productReference = 8B0E00092C9A000100000001 /* RainBar.app */;
			productType = "com.apple.product-type.application";
		};
		8B0E00212C9A000100000001 /* RainBarTests */ = {
			isa = PBXNativeTarget;
			buildConfigurationList = 8B0E002D2C9A000100000001 /* Build configuration list for PBXNativeTarget "RainBarTests" */;
			buildPhases = (
				8B0E001E2C9A000100000001 /* Sources */,
				8B0E001F2C9A000100000001 /* Frameworks */,
				8B0E00202C9A000100000001 /* Resources */,
			);
			buildRules = (
			);
			dependencies = (
				8B0E00242C9A000100000001 /* PBXTargetDependency */,
			);
			name = RainBarTests;
			productName = RainBarTests;
			productReference = 8B0E00222C9A000100000001 /* RainBarTests.xctest */;
			productType = "com.apple.product-type.bundle.unit-test";
		};
/* End PBXNativeTarget section */

/* Begin PBXProject section */
		8B0E00012C9A000100000001 /* Project object */ = {
			isa = PBXProject;
			attributes = {
				BuildIndependentTargetsInParallel = 1;
				LastSwiftUpdateCheck = 2650;
				LastUpgradeCheck = 2650;
				TargetAttributes = {
					8B0E00082C9A000100000001 = {
						CreatedOnToolsVersion = 26.5;
					};
					8B0E00212C9A000100000001 = {
						CreatedOnToolsVersion = 26.5;
						TestTargetID = 8B0E00082C9A000100000001;
					};
				};
			};
			buildConfigurationList = 8B0E00042C9A000100000001 /* Build configuration list for PBXProject "RainBar" */;
			developmentRegion = en;
			hasScannedForEncodings = 0;
			knownRegions = (
				en,
				Base,
			);
			mainGroup = 8B0E00002C9A000100000001;
			minimizedProjectReferenceProxies = 1;
			preferredProjectObjectVersion = 77;
			productRefGroup = 8B0E000A2C9A000100000001 /* Products */;
			projectDirPath = "";
			projectRoot = "";
			targets = (
				8B0E00082C9A000100000001 /* RainBar */,
				8B0E00212C9A000100000001 /* RainBarTests */,
			);
		};
/* End PBXProject section */

/* Begin PBXResourcesBuildPhase section */
		8B0E00072C9A000100000001 /* Resources */ = {
			isa = PBXResourcesBuildPhase;
			buildActionMask = 2147483647;
			files = (
			);
			runOnlyForDeploymentPostprocessing = 0;
		};
		8B0E00202C9A000100000001 /* Resources */ = {
			isa = PBXResourcesBuildPhase;
			buildActionMask = 2147483647;
			files = (
			);
			runOnlyForDeploymentPostprocessing = 0;
		};
/* End PBXResourcesBuildPhase section */

/* Begin PBXSourcesBuildPhase section */
		8B0E00052C9A000100000001 /* Sources */ = {
			isa = PBXSourcesBuildPhase;
			buildActionMask = 2147483647;
			files = (
				8B0E00332C9A000100000001 /* main.swift in Sources */,
				8B0E000E2C9A000100000001 /* AppDelegate.swift in Sources */,
				8B0E00102C9A000100000001 /* MenuBarView.swift in Sources */,
				8B0E00122C9A000100000001 /* RainController.swift in Sources */,
				8B0E00142C9A000100000001 /* RainSettings.swift in Sources */,
				8B0E00162C9A000100000001 /* ActiveWindowTracker.swift in Sources */,
				8B0E00182C9A000100000001 /* RainOverlayWindow.swift in Sources */,
				8B0E001A2C9A000100000001 /* RainEmitterView.swift in Sources */,
			);
			runOnlyForDeploymentPostprocessing = 0;
		};
		8B0E001E2C9A000100000001 /* Sources */ = {
			isa = PBXSourcesBuildPhase;
			buildActionMask = 2147483647;
			files = (
				8B0E00282C9A000100000001 /* RainBarTests.swift in Sources */,
			);
			runOnlyForDeploymentPostprocessing = 0;
		};
/* End PBXSourcesBuildPhase section */

/* Begin PBXTargetDependency section */
		8B0E00242C9A000100000001 /* PBXTargetDependency */ = {
			isa = PBXTargetDependency;
			target = 8B0E00082C9A000100000001 /* RainBar */;
			targetProxy = 8B0E00232C9A000100000001 /* PBXContainerItemProxy */;
		};
/* End PBXTargetDependency section */

/* Begin XCBuildConfiguration section */
		8B0E002B2C9A000100000001 /* Debug */ = {
			isa = XCBuildConfiguration;
			buildSettings = {
				ASSETCATALOG_COMPILER_GENERATE_SWIFT_ASSET_SYMBOL_EXTENSIONS = YES;
				CODE_SIGN_IDENTITY = "-";
				CODE_SIGN_STYLE = Manual;
				COMBINE_HIDPI_IMAGES = YES;
				CURRENT_PROJECT_VERSION = 1;
				DEVELOPMENT_TEAM = "";
				ENABLE_HARDENED_RUNTIME = NO;
				GENERATE_INFOPLIST_FILE = NO;
				INFOPLIST_FILE = RainBar/Info.plist;
				LD_RUNPATH_SEARCH_PATHS = (
					"$(inherited)",
					"@executable_path/../Frameworks",
				);
				MACOSX_DEPLOYMENT_TARGET = 26.0;
				MARKETING_VERSION = 0.9.2;
				PRODUCT_BUNDLE_IDENTIFIER = com.rainbar.RainBar;
				PRODUCT_NAME = "$(TARGET_NAME)";
				SWIFT_EMIT_LOC_STRINGS = YES;
				SWIFT_VERSION = 6.0;
			};
			name = Debug;
		};
		8B0E002C2C9A000100000001 /* Release */ = {
			isa = XCBuildConfiguration;
			buildSettings = {
				ASSETCATALOG_COMPILER_GENERATE_SWIFT_ASSET_SYMBOL_EXTENSIONS = YES;
				CODE_SIGN_IDENTITY = "-";
				CODE_SIGN_STYLE = Manual;
				COMBINE_HIDPI_IMAGES = YES;
				CURRENT_PROJECT_VERSION = 1;
				DEVELOPMENT_TEAM = "";
				ENABLE_HARDENED_RUNTIME = NO;
				GENERATE_INFOPLIST_FILE = NO;
				INFOPLIST_FILE = RainBar/Info.plist;
				LD_RUNPATH_SEARCH_PATHS = (
					"$(inherited)",
					"@executable_path/../Frameworks",
				);
				MACOSX_DEPLOYMENT_TARGET = 26.0;
				MARKETING_VERSION = 0.9.2;
				PRODUCT_BUNDLE_IDENTIFIER = com.rainbar.RainBar;
				PRODUCT_NAME = "$(TARGET_NAME)";
				SWIFT_EMIT_LOC_STRINGS = YES;
				SWIFT_VERSION = 6.0;
			};
			name = Release;
		};
		8B0E002E2C9A000100000001 /* Debug */ = {
			isa = XCBuildConfiguration;
			buildSettings = {
				BUNDLE_LOADER = "$(TEST_HOST)";
				CODE_SIGN_IDENTITY = "-";
				CODE_SIGN_STYLE = Manual;
				GENERATE_INFOPLIST_FILE = YES;
				LD_RUNPATH_SEARCH_PATHS = (
					"$(inherited)",
					"@executable_path/../Frameworks",
					"@loader_path/../Frameworks",
				);
				MACOSX_DEPLOYMENT_TARGET = 26.0;
				PRODUCT_BUNDLE_IDENTIFIER = com.rainbar.RainBarTests;
				PRODUCT_NAME = "$(TARGET_NAME)";
				SWIFT_VERSION = 6.0;
				TEST_HOST = "$(BUILT_PRODUCTS_DIR)/RainBar.app/Contents/MacOS/RainBar";
			};
			name = Debug;
		};
		8B0E002F2C9A000100000001 /* Release */ = {
			isa = XCBuildConfiguration;
			buildSettings = {
				BUNDLE_LOADER = "$(TEST_HOST)";
				CODE_SIGN_IDENTITY = "-";
				CODE_SIGN_STYLE = Manual;
				GENERATE_INFOPLIST_FILE = YES;
				LD_RUNPATH_SEARCH_PATHS = (
					"$(inherited)",
					"@executable_path/../Frameworks",
					"@loader_path/../Frameworks",
				);
				MACOSX_DEPLOYMENT_TARGET = 26.0;
				PRODUCT_BUNDLE_IDENTIFIER = com.rainbar.RainBarTests;
				PRODUCT_NAME = "$(TARGET_NAME)";
				SWIFT_VERSION = 6.0;
				TEST_HOST = "$(BUILT_PRODUCTS_DIR)/RainBar.app/Contents/MacOS/RainBar";
			};
			name = Release;
		};
		8B0E00302C9A000100000001 /* Debug */ = {
			isa = XCBuildConfiguration;
			buildSettings = {
				ALWAYS_SEARCH_USER_PATHS = NO;
				CLANG_ANALYZER_NONNULL = YES;
				CLANG_ANALYZER_NUMBER_OBJECT_CONVERSION = YES_AGGRESSIVE;
				CLANG_CXX_LANGUAGE_STANDARD = "gnu++20";
				CLANG_ENABLE_MODULES = YES;
				CLANG_ENABLE_OBJC_ARC = YES;
				CLANG_ENABLE_OBJC_WEAK = YES;
				CLANG_WARN_BLOCK_CAPTURE_AUTORELEASING = YES;
				CLANG_WARN_BOOL_CONVERSION = YES;
				CLANG_WARN_COMMA = YES;
				CLANG_WARN_CONSTANT_CONVERSION = YES;
				CLANG_WARN_DEPRECATED_OBJC_IMPLEMENTATIONS = YES;
				CLANG_WARN_DIRECT_OBJC_ISA_USAGE = YES_ERROR;
				CLANG_WARN_DOCUMENTATION_COMMENTS = YES;
				CLANG_WARN_EMPTY_BODY = YES;
				CLANG_WARN_ENUM_CONVERSION = YES;
				CLANG_WARN_INFINITE_RECURSION = YES;
				CLANG_WARN_INT_CONVERSION = YES;
				CLANG_WARN_NON_LITERAL_NULL_CONVERSION = YES;
				CLANG_WARN_OBJC_IMPLICIT_RETAIN_SELF = YES;
				CLANG_WARN_OBJC_LITERAL_CONVERSION = YES;
				CLANG_WARN_OBJC_ROOT_CLASS = YES_ERROR;
				CLANG_WARN_QUOTED_INCLUDE_IN_FRAMEWORK_HEADER = YES;
				CLANG_WARN_RANGE_LOOP_ANALYSIS = YES;
				CLANG_WARN_STRICT_PROTOTYPES = YES;
				CLANG_WARN_SUSPICIOUS_MOVE = YES;
				CLANG_WARN_UNGUARDED_AVAILABILITY = YES_AGGRESSIVE;
				CLANG_WARN_UNREACHABLE_CODE = YES;
				CLANG_WARN__DUPLICATE_METHOD_MATCH = YES;
				COPY_PHASE_STRIP = NO;
				DEBUG_INFORMATION_FORMAT = dwarf;
				ENABLE_STRICT_OBJC_MSGSEND = YES;
				ENABLE_TESTABILITY = YES;
				ENABLE_USER_SCRIPT_SANDBOXING = YES;
				GCC_C_LANGUAGE_STANDARD = gnu17;
				GCC_DYNAMIC_NO_PIC = NO;
				GCC_NO_COMMON_BLOCKS = YES;
				GCC_OPTIMIZATION_LEVEL = 0;
				GCC_PREPROCESSOR_DEFINITIONS = (
					"DEBUG=1",
					"$(inherited)",
				);
				GCC_WARN_64_TO_32_BIT_CONVERSION = YES;
				GCC_WARN_ABOUT_RETURN_TYPE = YES_ERROR;
				GCC_WARN_UNDECLARED_SELECTOR = YES;
				GCC_WARN_UNINITIALIZED_AUTOS = YES_AGGRESSIVE;
				GCC_WARN_UNUSED_FUNCTION = YES;
				GCC_WARN_UNUSED_VARIABLE = YES;
				MACOSX_DEPLOYMENT_TARGET = 26.0;
				MTL_ENABLE_DEBUG_INFO = INCLUDE_SOURCE;
				MTL_FAST_MATH = YES;
				ONLY_ACTIVE_ARCH = YES;
				SDKROOT = macosx;
				SWIFT_ACTIVE_COMPILATION_CONDITIONS = DEBUG;
				SWIFT_OPTIMIZATION_LEVEL = "-Onone";
			};
			name = Debug;
		};
		8B0E00312C9A000100000001 /* Release */ = {
			isa = XCBuildConfiguration;
			buildSettings = {
				ALWAYS_SEARCH_USER_PATHS = NO;
				CLANG_ANALYZER_NONNULL = YES;
				CLANG_ANALYZER_NUMBER_OBJECT_CONVERSION = YES_AGGRESSIVE;
				CLANG_CXX_LANGUAGE_STANDARD = "gnu++20";
				CLANG_ENABLE_MODULES = YES;
				CLANG_ENABLE_OBJC_ARC = YES;
				CLANG_ENABLE_OBJC_WEAK = YES;
				CLANG_WARN_BLOCK_CAPTURE_AUTORELEASING = YES;
				CLANG_WARN_BOOL_CONVERSION = YES;
				CLANG_WARN_COMMA = YES;
				CLANG_WARN_CONSTANT_CONVERSION = YES;
				CLANG_WARN_DEPRECATED_OBJC_IMPLEMENTATIONS = YES;
				CLANG_WARN_DIRECT_OBJC_ISA_USAGE = YES_ERROR;
				CLANG_WARN_DOCUMENTATION_COMMENTS = YES;
				CLANG_WARN_EMPTY_BODY = YES;
				CLANG_WARN_ENUM_CONVERSION = YES;
				CLANG_WARN_INFINITE_RECURSION = YES;
				CLANG_WARN_INT_CONVERSION = YES;
				CLANG_WARN_NON_LITERAL_NULL_CONVERSION = YES;
				CLANG_WARN_OBJC_IMPLICIT_RETAIN_SELF = YES;
				CLANG_WARN_OBJC_LITERAL_CONVERSION = YES;
				CLANG_WARN_OBJC_ROOT_CLASS = YES_ERROR;
				CLANG_WARN_QUOTED_INCLUDE_IN_FRAMEWORK_HEADER = YES;
				CLANG_WARN_RANGE_LOOP_ANALYSIS = YES;
				CLANG_WARN_STRICT_PROTOTYPES = YES;
				CLANG_WARN_SUSPICIOUS_MOVE = YES;
				CLANG_WARN_UNGUARDED_AVAILABILITY = YES_AGGRESSIVE;
				CLANG_WARN_UNREACHABLE_CODE = YES;
				CLANG_WARN__DUPLICATE_METHOD_MATCH = YES;
				COPY_PHASE_STRIP = NO;
				DEBUG_INFORMATION_FORMAT = "dwarf-with-dsym";
				ENABLE_NS_ASSERTIONS = NO;
				ENABLE_STRICT_OBJC_MSGSEND = YES;
				ENABLE_USER_SCRIPT_SANDBOXING = YES;
				GCC_C_LANGUAGE_STANDARD = gnu17;
				GCC_NO_COMMON_BLOCKS = YES;
				GCC_WARN_64_TO_32_BIT_CONVERSION = YES;
				GCC_WARN_ABOUT_RETURN_TYPE = YES_ERROR;
				GCC_WARN_UNDECLARED_SELECTOR = YES;
				GCC_WARN_UNINITIALIZED_AUTOS = YES_AGGRESSIVE;
				GCC_WARN_UNUSED_FUNCTION = YES;
				GCC_WARN_UNUSED_VARIABLE = YES;
				MACOSX_DEPLOYMENT_TARGET = 26.0;
				MTL_ENABLE_DEBUG_INFO = NO;
				MTL_FAST_MATH = YES;
				SDKROOT = macosx;
				SWIFT_COMPILATION_MODE = wholemodule;
			};
			name = Release;
		};
/* End XCBuildConfiguration section */

/* Begin XCConfigurationList section */
		8B0E00042C9A000100000001 /* Build configuration list for PBXProject "RainBar" */ = {
			isa = XCConfigurationList;
			buildConfigurations = (
				8B0E00302C9A000100000001 /* Debug */,
				8B0E00312C9A000100000001 /* Release */,
			);
			defaultConfigurationIsVisible = 0;
			defaultConfigurationName = Release;
		};
		8B0E002A2C9A000100000001 /* Build configuration list for PBXNativeTarget "RainBar" */ = {
			isa = XCConfigurationList;
			buildConfigurations = (
				8B0E002B2C9A000100000001 /* Debug */,
				8B0E002C2C9A000100000001 /* Release */,
			);
			defaultConfigurationIsVisible = 0;
			defaultConfigurationName = Release;
		};
		8B0E002D2C9A000100000001 /* Build configuration list for PBXNativeTarget "RainBarTests" */ = {
			isa = XCConfigurationList;
			buildConfigurations = (
				8B0E002E2C9A000100000001 /* Debug */,
				8B0E002F2C9A000100000001 /* Release */,
			);
			defaultConfigurationIsVisible = 0;
			defaultConfigurationName = Release;
		};
/* End XCConfigurationList section */
	};
	rootObject = 8B0E00012C9A000100000001 /* Project object */;
}
